
Microsoft Visual Studio Solution File, Format Version 12.00
# Visual Studio Version 17
VisualStudioVersion = 17.1.32414.318
MinimumVisualStudioVersion = 10.0.40219.1
Project("{FAE04EC0-301F-11D3-BF4B-00C04F79EFBC}") = "Task-9", "Task-9.csproj", "{C3FE0C57-5B2A-472C-80A2-98AA7406CCA8}"
EndProject
Project("{FAE04EC0-301F-11D3-BF4B-00C04F79EFBC}") = "Task-9.2", "..\Task-9.2\Task-9.2.csproj", "{2D90425E-5EA9-4803-AE7D-771278943145}"
EndProject
Project("{FAE04EC0-301F-11D3-BF4B-00C04F79EFBC}") = "Task-9.3", "..\Task-9.3\Task-9.3.csproj", "{7D351ED2-DD08-48D9-9E6B-855E04A88665}"
EndProject
Project("{FAE04EC0-301F-11D3-BF4B-00C04F79EFBC}") = "Task-9.4", "..\Task-9.4\Task-9.4.csproj", "{047FBB47-48CB-4EEB-898E-94F075266C98}"
EndProject
Global
	GlobalSection(SolutionConfigurationPlatforms) = preSolution
		Debug|Any CPU = Debug|Any CPU
		Release|Any CPU = Release|Any CPU
	EndGlobalSection
	GlobalSection(ProjectConfigurationPlatforms) = postSolution
		{C3FE0C57-5B2A-472C-80A2-98AA7406CCA8}.Debug|Any CPU.ActiveCfg = Debug|Any CPU
		{C3FE0C57-5B2A-472C-80A2-98AA7406CCA8}.Debug|Any CPU.Build.0 = Debug|Any CPU
		{C3FE0C57-5B2A-472C-80A2-98AA7406CCA8}.Release|Any CPU.ActiveCfg = Release|Any CPU
		{C3FE0C57-5B2A-472C-80A2-98AA7406CCA8}.Release|Any CPU.Build.0 = Release|Any CPU
		{2D90425E-5EA9-4803-AE7D-771278943145}.Debug|Any CPU.ActiveCfg = Debug|Any CPU
		{2D90425E-5EA9-4803-AE7D-771278943145}.Debug|Any CPU.Build.0 = Debug|Any CPU
		{2D90425E-5EA9-4803-AE7D-771278943145}.Release|Any CPU.ActiveCfg = Release|Any CPU
		{2D90425E-5EA9-4803-AE7D-771278943145}.Release|Any CPU.Build.0 = Release|Any CPU
		{7D351ED2-DD08-48D9-9E6B-855E04A88665}.Debug|Any CPU.ActiveCfg = Debug|Any CPU
		{7D351ED2-DD08-48D9-9E6B-855E04A88665}.Debug|Any CPU.Build.0 = Debug|Any CPU
		{7D351ED2-DD08-48D9-9E6B-855E04A88665}.Release|Any CPU.ActiveCfg = Release|Any CPU
		{7D351ED2-DD08-48D9-9E6B-855E04A88665}.Release|Any CPU.Build.0 = Release|Any CPU
		{047FBB47-48CB-4EEB-898E-94F075266C98}.Debug|Any CPU.ActiveCfg = Debug|Any CPU
		{047FBB47-48CB-4EEB-898E-94F075266C98}.Debug|Any CPU.Build.0 = Debug|Any CPU
		{047FBB47-48CB-4EEB-898E-94F075266C98}.Release|Any CPU.ActiveCfg = Release|Any CPU
		{047FBB47-48CB-4EEB-898E-94F075266C98}.Release|Any CPU.Build.0 = Release|Any CPU
	EndGlobalSection
	GlobalSection(SolutionProperties) = preSolution
		HideSolutionNode = FALSE
	EndGlobalSection
	GlobalSection(ExtensibilityGlobals) = postSolution
		SolutionGuid = {43AD3551-F6EA-45AB-9713-20CDC3C29DEC}
	EndGlobalSection
EndGlobal
